
Microsoft Visual Studio Solution File, Format Version 12.00
# Visual Studio Version 16
VisualStudioVersion = 16.0.32126.315
MinimumVisualStudioVersion = 10.0.40219.1
Project("{2150E333-8FDC-42A3-9474-1A3956D46DE8}") = "Application", "Application", "{3F4238ED-EBFC-4EF1-A286-4C26753B833A}"
EndProject
Project("{2150E333-8FDC-42A3-9474-1A3956D46DE8}") = "Infra.Data", "Infra.Data", "{6BBD7B8E-948F-4BBC-AA49-C9CEFFA2C0E6}"
EndProject
Project("{2150E333-8FDC-42A3-9474-1A3956D46DE8}") = "Domain", "Domain", "{BD95CBC1-B806-472E-80D0-E06D5C21A709}"
EndProject
Project("{2150E333-8FDC-42A3-9474-1A3956D46DE8}") = "Presentation", "Presentation", "{57C4716D-3C50-4731-A55E-7C9B29D2D005}"
EndProject
Project("{9A19103F-16F7-4668-BE54-9A1E7A4F7556}") = "CleanArch.Mvc2", "CleanArch.Mvc2\CleanArch.Mvc2.csproj", "{8FEF8B79-A88A-44FA-A501-EA72DB1133EA}"
EndProject
Project("{9A19103F-16F7-4668-BE54-9A1E7A4F7556}") = "CleanArch.Domain", "CleanArch.Domain\CleanArch.Domain.csproj", "{E7497A8C-5CAB-439C-A6FF-E814527115D3}"
EndProject
Project("{9A19103F-16F7-4668-BE54-9A1E7A4F7556}") = "CleanArch.Infra.Data", "CleanArch.Infra.Data\CleanArch.Infra.Data.csproj", "{0D9B45F5-D55B-49E2-A8F2-A9B614FAE833}"
EndProject
Project("{9A19103F-16F7-4668-BE54-9A1E7A4F7556}") = "CleanArch.Application", "CleanArch.Application\CleanArch.Application.csproj", "{3CA12BC1-2191-42DF-B5E1-6A54F43E0247}"
EndProject
Project("{9A19103F-16F7-4668-BE54-9A1E7A4F7556}") = "CleanArch.Infra.IoC", "CleanArch.Infra.IoC\CleanArch.Infra.IoC.csproj", "{9FA3D448-7F1F-4330-AA7C-D870818D1805}"
EndProject
Project("{2150E333-8FDC-42A3-9474-1A3956D46DE8}") = "Infra.IoC", "Infra.IoC", "{C80DC671-1057-485A-9B37-36D602E2C2F5}"
EndProject
Project("{2150E333-8FDC-42A3-9474-1A3956D46DE8}") = "Infra.Bus", "Infra.Bus", "{E18637E3-CB5D-445B-9919-DC6855E38B12}"
EndProject
Project("{FAE04EC0-301F-11D3-BF4B-00C04F79EFBC}") = "CleanArch.Infra.Bus", "CleanArch.Infra.Bus\CleanArch.Infra.Bus.csproj", "{F061EF1A-3D34-4195-88D4-6F0A724F8F41}"
EndProject
Project("{FAE04EC0-301F-11D3-BF4B-00C04F79EFBC}") = "CleanArch.DomainCore2", "CleanArch.DomainCore2\CleanArch.DomainCore2.csproj", "{2CC64F5D-3CB6-4E6F-916B-11D762F4917C}"
EndProject
Global
	GlobalSection(SolutionConfigurationPlatforms) = preSolution
		Debug|Any CPU = Debug|Any CPU
		Release|Any CPU = Release|Any CPU
	EndGlobalSection
	GlobalSection(ProjectConfigurationPlatforms) = postSolution
		{8FEF8B79-A88A-44FA-A501-EA72DB1133EA}.Debug|Any CPU.ActiveCfg = Debug|Any CPU
		{8FEF8B79-A88A-44FA-A501-EA72DB1133EA}.Debug|Any CPU.Build.0 = Debug|Any CPU
		{8FEF8B79-A88A-44FA-A501-EA72DB1133EA}.Release|Any CPU.ActiveCfg = Release|Any CPU
		{8FEF8B79-A88A-44FA-A501-EA72DB1133EA}.Release|Any CPU.Build.0 = Release|Any CPU
		{E7497A8C-5CAB-439C-A6FF-E814527115D3}.Debug|Any CPU.ActiveCfg = Debug|Any CPU
		{E7497A8C-5CAB-439C-A6FF-E814527115D3}.Debug|Any CPU.Build.0 = Debug|Any CPU
		{E7497A8C-5CAB-439C-A6FF-E814527115D3}.Release|Any CPU.ActiveCfg = Release|Any CPU
		{E7497A8C-5CAB-439C-A6FF-E814527115D3}.Release|Any CPU.Build.0 = Release|Any CPU
		{0D9B45F5-D55B-49E2-A8F2-A9B614FAE833}.Debug|Any CPU.ActiveCfg = Debug|Any CPU
		{0D9B45F5-D55B-49E2-A8F2-A9B614FAE833}.Debug|Any CPU.Build.0 = Debug|Any CPU
		{0D9B45F5-D55B-49E2-A8F2-A9B614FAE833}.Release|Any CPU.ActiveCfg = Release|Any CPU
		{0D9B45F5-D55B-49E2-A8F2-A9B614FAE833}.Release|Any CPU.Build.0 = Release|Any CPU
		{3CA12BC1-2191-42DF-B5E1-6A54F43E0247}.Debug|Any CPU.ActiveCfg = Debug|Any CPU
		{3CA12BC1-2191-42DF-B5E1-6A54F43E0247}.Debug|Any CPU.Build.0 = Debug|Any CPU
		{3CA12BC1-2191-42DF-B5E1-6A54F43E0247}.Release|Any CPU.ActiveCfg = Release|Any CPU
		{3CA12BC1-2191-42DF-B5E1-6A54F43E0247}.Release|Any CPU.Build.0 = Release|Any CPU
		{9FA3D448-7F1F-4330-AA7C-D870818D1805}.Debug|Any CPU.ActiveCfg = Debug|Any CPU
		{9FA3D448-7F1F-4330-AA7C-D870818D1805}.Debug|Any CPU.Build.0 = Debug|Any CPU
		{9FA3D448-7F1F-4330-AA7C-D870818D1805}.Release|Any CPU.ActiveCfg = Release|Any CPU
		{9FA3D448-7F1F-4330-AA7C-D870818D1805}.Release|Any CPU.Build.0 = Release|Any CPU
		{F061EF1A-3D34-4195-88D4-6F0A724F8F41}.Debug|Any CPU.ActiveCfg = Debug|Any CPU
		{F061EF1A-3D34-4195-88D4-6F0A724F8F41}.Debug|Any CPU.Build.0 = Debug|Any CPU
		{F061EF1A-3D34-4195-88D4-6F0A724F8F41}.Release|Any CPU.ActiveCfg = Release|Any CPU
		{F061EF1A-3D34-4195-88D4-6F0A724F8F41}.Release|Any CPU.Build.0 = Release|Any CPU
		{2CC64F5D-3CB6-4E6F-916B-11D762F4917C}.Debug|Any CPU.ActiveCfg = Debug|Any CPU
		{2CC64F5D-3CB6-4E6F-916B-11D762F4917C}.Debug|Any CPU.Build.0 = Debug|Any CPU
		{2CC64F5D-3CB6-4E6F-916B-11D762F4917C}.Release|Any CPU.ActiveCfg = Release|Any CPU
		{2CC64F5D-3CB6-4E6F-916B-11D762F4917C}.Release|Any CPU.Build.0 = Release|Any CPU
	EndGlobalSection
	GlobalSection(SolutionProperties) = preSolution
		HideSolutionNode = FALSE
	EndGlobalSection
	GlobalSection(NestedProjects) = preSolution
		{8FEF8B79-A88A-44FA-A501-EA72DB1133EA} = {57C4716D-3C50-4731-A55E-7C9B29D2D005}
		{E7497A8C-5CAB-439C-A6FF-E814527115D3} = {BD95CBC1-B806-472E-80D0-E06D5C21A709}
		{0D9B45F5-D55B-49E2-A8F2-A9B614FAE833} = {6BBD7B8E-948F-4BBC-AA49-C9CEFFA2C0E6}
		{3CA12BC1-2191-42DF-B5E1-6A54F43E0247} = {3F4238ED-EBFC-4EF1-A286-4C26753B833A}
		{9FA3D448-7F1F-4330-AA7C-D870818D1805} = {C80DC671-1057-485A-9B37-36D602E2C2F5}
		{F061EF1A-3D34-4195-88D4-6F0A724F8F41} = {E18637E3-CB5D-445B-9919-DC6855E38B12}
		{2CC64F5D-3CB6-4E6F-916B-11D762F4917C} = {BD95CBC1-B806-472E-80D0-E06D5C21A709}
	EndGlobalSection
	GlobalSection(ExtensibilityGlobals) = postSolution
		SolutionGuid = {FF67C3EA-A895-4E5C-8B99-33796700D3D3}
	EndGlobalSection
EndGlobal
